
Microsoft Visual Studio Solution File, Format Version 12.00
# Visual Studio Version 17
VisualStudioVersion = 17.11.35327.3
MinimumVisualStudioVersion = 10.0.40219.1
Project("{9A19103F-16F7-4668-BE54-9A1E7A4F7556}") = "TouristAgency_Web", "TouristAgency_Web\TouristAgency_Web.csproj", "{BB3DD4B9-3AEC-4E6C-A9DB-DE8D1296EDF0}"
EndProject
Project("{9A19103F-16F7-4668-BE54-9A1E7A4F7556}") = "TouristAgency.Models", "TouristAgency.Models\TouristAgency.Models.csproj", "{21E5F7C8-1D62-4700-BE5B-3A27A9AB856C}"
EndProject
Project("{9A19103F-16F7-4668-BE54-9A1E7A4F7556}") = "TouristAgency.DataAccess", "TouristAgency.DataAccess\TouristAgency.DataAccess.csproj", "{8B7FD008-2CB0-4E4C-B4D3-CF79D43E8E1A}"
EndProject
Project("{9A19103F-16F7-4668-BE54-9A1E7A4F7556}") = "TouristAgency_Forms", "TouristAgency_Forms\TouristAgency_Forms.csproj", "{7315111C-5889-4363-BBDC-F421145DD666}"
EndProject
Project("{FAE04EC0-301F-11D3-BF4B-00C04F79EFBC}") = "TouristAgency.xUnit", "TouristAgency.xUnit\TouristAgency.xUnit.csproj", "{02DF1032-394F-4B2F-B020-F9806A3F1487}"
EndProject
Global
	GlobalSection(SolutionConfigurationPlatforms) = preSolution
		Debug|Any CPU = Debug|Any CPU
		Release|Any CPU = Release|Any CPU
	EndGlobalSection
	GlobalSection(ProjectConfigurationPlatforms) = postSolution
		{BB3DD4B9-3AEC-4E6C-A9DB-DE8D1296EDF0}.Debug|Any CPU.ActiveCfg = Debug|Any CPU
		{BB3DD4B9-3AEC-4E6C-A9DB-DE8D1296EDF0}.Debug|Any CPU.Build.0 = Debug|Any CPU
		{BB3DD4B9-3AEC-4E6C-A9DB-DE8D1296EDF0}.Release|Any CPU.ActiveCfg = Release|Any CPU
		{BB3DD4B9-3AEC-4E6C-A9DB-DE8D1296EDF0}.Release|Any CPU.Build.0 = Release|Any CPU
		{21E5F7C8-1D62-4700-BE5B-3A27A9AB856C}.Debug|Any CPU.ActiveCfg = Debug|Any CPU
		{21E5F7C8-1D62-4700-BE5B-3A27A9AB856C}.Debug|Any CPU.Build.0 = Debug|Any CPU
		{21E5F7C8-1D62-4700-BE5B-3A27A9AB856C}.Release|Any CPU.ActiveCfg = Release|Any CPU
		{21E5F7C8-1D62-4700-BE5B-3A27A9AB856C}.Release|Any CPU.Build.0 = Release|Any CPU
		{8B7FD008-2CB0-4E4C-B4D3-CF79D43E8E1A}.Debug|Any CPU.ActiveCfg = Debug|Any CPU
		{8B7FD008-2CB0-4E4C-B4D3-CF79D43E8E1A}.Debug|Any CPU.Build.0 = Debug|Any CPU
		{8B7FD008-2CB0-4E4C-B4D3-CF79D43E8E1A}.Release|Any CPU.ActiveCfg = Release|Any CPU
		{8B7FD008-2CB0-4E4C-B4D3-CF79D43E8E1A}.Release|Any CPU.Build.0 = Release|Any CPU
		{7315111C-5889-4363-BBDC-F421145DD666}.Debug|Any CPU.ActiveCfg = Debug|Any CPU
		{7315111C-5889-4363-BBDC-F421145DD666}.Debug|Any CPU.Build.0 = Debug|Any CPU
		{7315111C-5889-4363-BBDC-F421145DD666}.Release|Any CPU.ActiveCfg = Release|Any CPU
		{7315111C-5889-4363-BBDC-F421145DD666}.Release|Any CPU.Build.0 = Release|Any CPU
		{02DF1032-394F-4B2F-B020-F9806A3F1487}.Debug|Any CPU.ActiveCfg = Debug|Any CPU
		{02DF1032-394F-4B2F-B020-F9806A3F1487}.Debug|Any CPU.Build.0 = Debug|Any CPU
		{02DF1032-394F-4B2F-B020-F9806A3F1487}.Release|Any CPU.ActiveCfg = Release|Any CPU
		{02DF1032-394F-4B2F-B020-F9806A3F1487}.Release|Any CPU.Build.0 = Release|Any CPU
	EndGlobalSection
	GlobalSection(SolutionProperties) = preSolution
		HideSolutionNode = FALSE
	EndGlobalSection
	GlobalSection(ExtensibilityGlobals) = postSolution
		SolutionGuid = {675D6B85-5DFE-4873-B39E-CD3989B2BEEC}
	EndGlobalSection
EndGlobal
